
Microsoft Visual Studio Solution File, Format Version 12.00
# Visual Studio 14
VisualStudioVersion = 14.0.25420.1
MinimumVisualStudioVersion = 10.0.40219.1
Project("{8BC9CEB8-8B4A-11D0-8D11-00A0C91BC942}") = "2_1(Hello world)", "2_1(Hello world)\2_1(Hello world).vcxproj", "{255765A9-3E6D-4237-B989-8B747C4B4CA7}"
EndProject
Project("{8BC9CEB8-8B4A-11D0-8D11-00A0C91BC942}") = "2_3(if)", "2_3(if)\2_3(if).vcxproj", "{204342CD-9FD0-4272-A5C0-DA78BA0A27E5}"
EndProject
Project("{8BC9CEB8-8B4A-11D0-8D11-00A0C91BC942}") = "2_5(while)", "2_5(while)\2_5(while).vcxproj", "{C3901CA8-19C4-42CC-82F3-E8E7165B8CFA}"
EndProject
Project("{8BC9CEB8-8B4A-11D0-8D11-00A0C91BC942}") = "实验二_上", "实验二（上）\实验二（上）.vcxproj", "{A543102F-9811-4FF7-9E95-80A70F27920B}"
EndProject
Project("{8BC9CEB8-8B4A-11D0-8D11-00A0C91BC942}") = "2_11(enum)", "2_11(enum)\2_11(enum).vcxproj", "{A6E0FCDB-1BE0-44C2-B0AF-9B7C0E41B193}"
EndProject
Project("{8BC9CEB8-8B4A-11D0-8D11-00A0C91BC942}") = "2_7(do-while)", "2_7(do-while)\2_7(do-while).vcxproj", "{AAE26D7D-6576-4C52-84C6-3F09ED611C0F}"
EndProject
Project("{8BC9CEB8-8B4A-11D0-8D11-00A0C91BC942}") = "2_8(switch-case)", "2_8(switch-case)\2_8(switch-case).vcxproj", "{ED76319A-B08A-4848-BFAF-74E4A4EB6352}"
EndProject
Project("{8BC9CEB8-8B4A-11D0-8D11-00A0C91BC942}") = "2_9(struct)", "2_9(结构体)\2_9(结构体).vcxproj", "{5A88211F-3200-4B40-AEA4-73C6A8F8C8BB}"
EndProject
Project("{8BC9CEB8-8B4A-11D0-8D11-00A0C91BC942}") = "3_1(函数)", "3_1(函数)\3_1(函数).vcxproj", "{EB946BA6-EA9A-4E70-97D5-28D1533F4777}"
EndProject
Project("{8BC9CEB8-8B4A-11D0-8D11-00A0C91BC942}") = "3_7(函数嵌套)", "3_7(函数嵌套)\3_7(函数嵌套).vcxproj", "{E88A3956-CDC3-4F55-B40B-58C2A11D4EB8}"
EndProject
Project("{8BC9CEB8-8B4A-11D0-8D11-00A0C91BC942}") = "3_11(引用)", "3_11(引用)\3_11(引用).vcxproj", "{D757CA22-7856-47DD-ABF9-2353CBAD806B}"
EndProject
Project("{8BC9CEB8-8B4A-11D0-8D11-00A0C91BC942}") = "3_14(inline)", "3_14(inline)\3_14(inline).vcxproj", "{F64E998B-9505-448E-A764-77E9D2DA9548}"
EndProject
Project("{8BC9CEB8-8B4A-11D0-8D11-00A0C91BC942}") = "3_16(重载函数)", "3_16(重载函数)\3_16(重载函数).vcxproj", "{4C3F5C20-6913-4BAF-A49B-017B27CBAF99}"
EndProject
Project("{8BC9CEB8-8B4A-11D0-8D11-00A0C91BC942}") = "3_17(cmath)", "3_17(cmath)\3_17(cmath).vcxproj", "{158F8802-53CE-461B-89F5-4829361D018F}"
EndProject
Project("{8BC9CEB8-8B4A-11D0-8D11-00A0C91BC942}") = "实验三_上（函数的应用）", "实验三_上（函数的应用1）\实验三_上（函数的应用1）.vcxproj", "{FBE0CFC2-C04B-4230-99EC-6AD42DD1CE1D}"
EndProject
Project("{8BC9CEB8-8B4A-11D0-8D11-00A0C91BC942}") = "实验三_上(递归函数)", "实验三_上(递归函数)\实验三_上(递归函数).vcxproj", "{DAAFF39D-F494-47AE-BBB0-FAC4B37C911A}"
EndProject
Project("{8BC9CEB8-8B4A-11D0-8D11-00A0C91BC942}") = "实验三_下(重载函数)", "实验三_下(重载函数)\实验三_下(重载函数).vcxproj", "{EF54A089-F426-4066-9B38-0E224EE3D9BD}"
EndProject
Project("{8BC9CEB8-8B4A-11D0-8D11-00A0C91BC942}") = "实验三_下(系统函数)", "实验三_下(系统函数)\实验三_下(系统函数).vcxproj", "{B6DD92AE-277A-4544-9157-7439D9E45662}"
EndProject
Project("{8BC9CEB8-8B4A-11D0-8D11-00A0C91BC942}") = "4_1(类)", "4_1(类)\4_1(类).vcxproj", "{FF6A762A-FE7B-4395-BAA1-C064DEE09772}"
EndProject
Project("{8BC9CEB8-8B4A-11D0-8D11-00A0C91BC942}") = "4_2(复制构造函数)", "4_2(复制构造函数)\4_2(复制构造函数).vcxproj", "{27D2C141-206C-4904-9D4A-7AEE4AB64C79}"
EndProject
Project("{8BC9CEB8-8B4A-11D0-8D11-00A0C91BC942}") = "4_3(析构函数)", "4_3(析构函数)\4_3(析构函数).vcxproj", "{FE15A7AD-F3CE-4FE1-9A8F-0C73537E5550}"
EndProject
Project("{8BC9CEB8-8B4A-11D0-8D11-00A0C91BC942}") = "4_4(类的组合)", "4_4(类的组合)\4_4(类的组合).vcxproj", "{41ADBB00-3725-4A69-8FAB-FF29EDBE195B}"
EndProject
Project("{8BC9CEB8-8B4A-11D0-8D11-00A0C91BC942}") = "4_6_1(结构体)", "4_6_1(结构体)\4_6_1(结构体).vcxproj", "{A85D00E9-3325-49FF-AF40-A63ABD3F95C8}"
EndProject
Project("{8BC9CEB8-8B4A-11D0-8D11-00A0C91BC942}") = "4_6_2(联合体)", "4_6_2(联合体)\4_6_2(联合体).vcxproj", "{B85E380B-F417-4063-B65A-099C21B4F232}"
EndProject
Project("{8BC9CEB8-8B4A-11D0-8D11-00A0C91BC942}") = "4_7(枚举类)", "4_7(枚举类)\4_7(枚举类).vcxproj", "{3017BAEB-F9E1-4525-A901-DC4D39F75A6E}"
EndProject
Project("{8BC9CEB8-8B4A-11D0-8D11-00A0C91BC942}") = "实验四_上(析构函数)", "实验四_上\实验四_上.vcxproj", "{E9112E71-6499-4EF6-82CE-9FF50488D192}"
EndProject
Project("{8BC9CEB8-8B4A-11D0-8D11-00A0C91BC942}") = "实验四_下(类和对象)", "实验四_下(类和对象)\实验四_下(类和对象).vcxproj", "{8F0FD9F1-99CB-4A49-93ED-074FF0F22F22}"
EndProject
Global
	GlobalSection(SolutionConfigurationPlatforms) = preSolution
		Debug|x64 = Debug|x64
		Debug|x86 = Debug|x86
		Release|x64 = Release|x64
		Release|x86 = Release|x86
	EndGlobalSection
	GlobalSection(ProjectConfigurationPlatforms) = postSolution
		{255765A9-3E6D-4237-B989-8B747C4B4CA7}.Debug|x64.ActiveCfg = Debug|x64
		{255765A9-3E6D-4237-B989-8B747C4B4CA7}.Debug|x64.Build.0 = Debug|x64
		{255765A9-3E6D-4237-B989-8B747C4B4CA7}.Debug|x86.ActiveCfg = Debug|Win32
		{255765A9-3E6D-4237-B989-8B747C4B4CA7}.Debug|x86.Build.0 = Debug|Win32
		{255765A9-3E6D-4237-B989-8B747C4B4CA7}.Release|x64.ActiveCfg = Release|x64
		{255765A9-3E6D-4237-B989-8B747C4B4CA7}.Release|x64.Build.0 = Release|x64
		{255765A9-3E6D-4237-B989-8B747C4B4CA7}.Release|x86.ActiveCfg = Release|Win32
		{255765A9-3E6D-4237-B989-8B747C4B4CA7}.Release|x86.Build.0 = Release|Win32
		{204342CD-9FD0-4272-A5C0-DA78BA0A27E5}.Debug|x64.ActiveCfg = Debug|x64
		{204342CD-9FD0-4272-A5C0-DA78BA0A27E5}.Debug|x64.Build.0 = Debug|x64
		{204342CD-9FD0-4272-A5C0-DA78BA0A27E5}.Debug|x86.ActiveCfg = Debug|Win32
		{204342CD-9FD0-4272-A5C0-DA78BA0A27E5}.Debug|x86.Build.0 = Debug|Win32
		{204342CD-9FD0-4272-A5C0-DA78BA0A27E5}.Release|x64.ActiveCfg = Release|x64
		{204342CD-9FD0-4272-A5C0-DA78BA0A27E5}.Release|x64.Build.0 = Release|x64
		{204342CD-9FD0-4272-A5C0-DA78BA0A27E5}.Release|x86.ActiveCfg = Release|Win32
		{204342CD-9FD0-4272-A5C0-DA78BA0A27E5}.Release|x86.Build.0 = Release|Win32
		{C3901CA8-19C4-42CC-82F3-E8E7165B8CFA}.Debug|x64.ActiveCfg = Debug|x64
		{C3901CA8-19C4-42CC-82F3-E8E7165B8CFA}.Debug|x64.Build.0 = Debug|x64
		{C3901CA8-19C4-42CC-82F3-E8E7165B8CFA}.Debug|x86.ActiveCfg = Debug|Win32
		{C3901CA8-19C4-42CC-82F3-E8E7165B8CFA}.Debug|x86.Build.0 = Debug|Win32
		{C3901CA8-19C4-42CC-82F3-E8E7165B8CFA}.Release|x64.ActiveCfg = Release|x64
		{C3901CA8-19C4-42CC-82F3-E8E7165B8CFA}.Release|x64.Build.0 = Release|x64
		{C3901CA8-19C4-42CC-82F3-E8E7165B8CFA}.Release|x86.ActiveCfg = Release|Win32
		{C3901CA8-19C4-42CC-82F3-E8E7165B8CFA}.Release|x86.Build.0 = Release|Win32
		{A543102F-9811-4FF7-9E95-80A70F27920B}.Debug|x64.ActiveCfg = Debug|x64
		{A543102F-9811-4FF7-9E95-80A70F27920B}.Debug|x64.Build.0 = Debug|x64
		{A543102F-9811-4FF7-9E95-80A70F27920B}.Debug|x86.ActiveCfg = Debug|Win32
		{A543102F-9811-4FF7-9E95-80A70F27920B}.Debug|x86.Build.0 = Debug|Win32
		{A543102F-9811-4FF7-9E95-80A70F27920B}.Release|x64.ActiveCfg = Release|x64
		{A543102F-9811-4FF7-9E95-80A70F27920B}.Release|x64.Build.0 = Release|x64
		{A543102F-9811-4FF7-9E95-80A70F27920B}.Release|x86.ActiveCfg = Release|Win32
		{A543102F-9811-4FF7-9E95-80A70F27920B}.Release|x86.Build.0 = Release|Win32
		{A6E0FCDB-1BE0-44C2-B0AF-9B7C0E41B193}.Debug|x64.ActiveCfg = Debug|x64
		{A6E0FCDB-1BE0-44C2-B0AF-9B7C0E41B193}.Debug|x64.Build.0 = Debug|x64
		{A6E0FCDB-1BE0-44C2-B0AF-9B7C0E41B193}.Debug|x86.ActiveCfg = Debug|Win32
		{A6E0FCDB-1BE0-44C2-B0AF-9B7C0E41B193}.Debug|x86.Build.0 = Debug|Win32
		{A6E0FCDB-1BE0-44C2-B0AF-9B7C0E41B193}.Release|x64.ActiveCfg = Release|x64
		{A6E0FCDB-1BE0-44C2-B0AF-9B7C0E41B193}.Release|x64.Build.0 = Release|x64
		{A6E0FCDB-1BE0-44C2-B0AF-9B7C0E41B193}.Release|x86.ActiveCfg = Release|Win32
		{A6E0FCDB-1BE0-44C2-B0AF-9B7C0E41B193}.Release|x86.Build.0 = Release|Win32
		{AAE26D7D-6576-4C52-84C6-3F09ED611C0F}.Debug|x64.ActiveCfg = Debug|x64
		{AAE26D7D-6576-4C52-84C6-3F09ED611C0F}.Debug|x64.Build.0 = Debug|x64
		{AAE26D7D-6576-4C52-84C6-3F09ED611C0F}.Debug|x86.ActiveCfg = Debug|Win32
		{AAE26D7D-6576-4C52-84C6-3F09ED611C0F}.Debug|x86.Build.0 = Debug|Win32
		{AAE26D7D-6576-4C52-84C6-3F09ED611C0F}.Release|x64.ActiveCfg = Release|x64
		{AAE26D7D-6576-4C52-84C6-3F09ED611C0F}.Release|x64.Build.0 = Release|x64
		{AAE26D7D-6576-4C52-84C6-3F09ED611C0F}.Release|x86.ActiveCfg = Release|Win32
		{AAE26D7D-6576-4C52-84C6-3F09ED611C0F}.Release|x86.Build.0 = Release|Win32
		{ED76319A-B08A-4848-BFAF-74E4A4EB6352}.Debug|x64.ActiveCfg = Debug|x64
		{ED76319A-B08A-4848-BFAF-74E4A4EB6352}.Debug|x64.Build.0 = Debug|x64
		{ED76319A-B08A-4848-BFAF-74E4A4EB6352}.Debug|x86.ActiveCfg = Debug|Win32
		{ED76319A-B08A-4848-BFAF-74E4A4EB6352}.Debug|x86.Build.0 = Debug|Win32
		{ED76319A-B08A-4848-BFAF-74E4A4EB6352}.Release|x64.ActiveCfg = Release|x64
		{ED76319A-B08A-4848-BFAF-74E4A4EB6352}.Release|x64.Build.0 = Release|x64
		{ED76319A-B08A-4848-BFAF-74E4A4EB6352}.Release|x86.ActiveCfg = Release|Win32
		{ED76319A-B08A-4848-BFAF-74E4A4EB6352}.Release|x86.Build.0 = Release|Win32
		{5A88211F-3200-4B40-AEA4-73C6A8F8C8BB}.Debug|x64.ActiveCfg = Debug|x64
		{5A88211F-3200-4B40-AEA4-73C6A8F8C8BB}.Debug|x64.Build.0 = Debug|x64
		{5A88211F-3200-4B40-AEA4-73C6A8F8C8BB}.Debug|x86.ActiveCfg = Debug|Win32
		{5A88211F-3200-4B40-AEA4-73C6A8F8C8BB}.Debug|x86.Build.0 = Debug|Win32
		{5A88211F-3200-4B40-AEA4-73C6A8F8C8BB}.Release|x64.ActiveCfg = Release|x64
		{5A88211F-3200-4B40-AEA4-73C6A8F8C8BB}.Release|x64.Build.0 = Release|x64
		{5A88211F-3200-4B40-AEA4-73C6A8F8C8BB}.Release|x86.ActiveCfg = Release|Win32
		{5A88211F-3200-4B40-AEA4-73C6A8F8C8BB}.Release|x86.Build.0 = Release|Win32
		{EB946BA6-EA9A-4E70-97D5-28D1533F4777}.Debug|x64.ActiveCfg = Debug|x64
		{EB946BA6-EA9A-4E70-97D5-28D1533F4777}.Debug|x64.Build.0 = Debug|x64
		{EB946BA6-EA9A-4E70-97D5-28D1533F4777}.Debug|x86.ActiveCfg = Debug|Win32
		{EB946BA6-EA9A-4E70-97D5-28D1533F4777}.Debug|x86.Build.0 = Debug|Win32
		{EB946BA6-EA9A-4E70-97D5-28D1533F4777}.Release|x64.ActiveCfg = Release|x64
		{EB946BA6-EA9A-4E70-97D5-28D1533F4777}.Release|x64.Build.0 = Release|x64
		{EB946BA6-EA9A-4E70-97D5-28D1533F4777}.Release|x86.ActiveCfg = Release|Win32
		{EB946BA6-EA9A-4E70-97D5-28D1533F4777}.Release|x86.Build.0 = Release|Win32
		{E88A3956-CDC3-4F55-B40B-58C2A11D4EB8}.Debug|x64.ActiveCfg = Debug|x64
		{E88A3956-CDC3-4F55-B40B-58C2A11D4EB8}.Debug|x64.Build.0 = Debug|x64
		{E88A3956-CDC3-4F55-B40B-58C2A11D4EB8}.Debug|x86.ActiveCfg = Debug|Win32
		{E88A3956-CDC3-4F55-B40B-58C2A11D4EB8}.Debug|x86.Build.0 = Debug|Win32
		{E88A3956-CDC3-4F55-B40B-58C2A11D4EB8}.Release|x64.ActiveCfg = Release|x64
		{E88A3956-CDC3-4F55-B40B-58C2A11D4EB8}.Release|x64.Build.0 = Release|x64
		{E88A3956-CDC3-4F55-B40B-58C2A11D4EB8}.Release|x86.ActiveCfg = Release|Win32
		{E88A3956-CDC3-4F55-B40B-58C2A11D4EB8}.Release|x86.Build.0 = Release|Win32
		{D757CA22-7856-47DD-ABF9-2353CBAD806B}.Debug|x64.ActiveCfg = Debug|x64
		{D757CA22-7856-47DD-ABF9-2353CBAD806B}.Debug|x64.Build.0 = Debug|x64
		{D757CA22-7856-47DD-ABF9-2353CBAD806B}.Debug|x86.ActiveCfg = Debug|Win32
		{D757CA22-7856-47DD-ABF9-2353CBAD806B}.Debug|x86.Build.0 = Debug|Win32
		{D757CA22-7856-47DD-ABF9-2353CBAD806B}.Release|x64.ActiveCfg = Release|x64
		{D757CA22-7856-47DD-ABF9-2353CBAD806B}.Release|x64.Build.0 = Release|x64
		{D757CA22-7856-47DD-ABF9-2353CBAD806B}.Release|x86.ActiveCfg = Release|Win32
		{D757CA22-7856-47DD-ABF9-2353CBAD806B}.Release|x86.Build.0 = Release|Win32
		{F64E998B-9505-448E-A764-77E9D2DA9548}.Debug|x64.ActiveCfg = Debug|x64
		{F64E998B-9505-448E-A764-77E9D2DA9548}.Debug|x64.Build.0 = Debug|x64
		{F64E998B-9505-448E-A764-77E9D2DA9548}.Debug|x86.ActiveCfg = Debug|Win32
		{F64E998B-9505-448E-A764-77E9D2DA9548}.Debug|x86.Build.0 = Debug|Win32
		{F64E998B-9505-448E-A764-77E9D2DA9548}.Release|x64.ActiveCfg = Release|x64
		{F64E998B-9505-448E-A764-77E9D2DA9548}.Release|x64.Build.0 = Release|x64
		{F64E998B-9505-448E-A764-77E9D2DA9548}.Release|x86.ActiveCfg = Release|Win32
		{F64E998B-9505-448E-A764-77E9D2DA9548}.Release|x86.Build.0 = Release|Win32
		{4C3F5C20-6913-4BAF-A49B-017B27CBAF99}.Debug|x64.ActiveCfg = Debug|x64
		{4C3F5C20-6913-4BAF-A49B-017B27CBAF99}.Debug|x64.Build.0 = Debug|x64
		{4C3F5C20-6913-4BAF-A49B-017B27CBAF99}.Debug|x86.ActiveCfg = Debug|Win32
		{4C3F5C20-6913-4BAF-A49B-017B27CBAF99}.Debug|x86.Build.0 = Debug|Win32
		{4C3F5C20-6913-4BAF-A49B-017B27CBAF99}.Release|x64.ActiveCfg = Release|x64
		{4C3F5C20-6913-4BAF-A49B-017B27CBAF99}.Release|x64.Build.0 = Release|x64
		{4C3F5C20-6913-4BAF-A49B-017B27CBAF99}.Release|x86.ActiveCfg = Release|Win32
		{4C3F5C20-6913-4BAF-A49B-017B27CBAF99}.Release|x86.Build.0 = Release|Win32
		{158F8802-53CE-461B-89F5-4829361D018F}.Debug|x64.ActiveCfg = Debug|x64
		{158F8802-53CE-461B-89F5-4829361D018F}.Debug|x64.Build.0 = Debug|x64
		{158F8802-53CE-461B-89F5-4829361D018F}.Debug|x86.ActiveCfg = Debug|Win32
		{158F8802-53CE-461B-89F5-4829361D018F}.Debug|x86.Build.0 = Debug|Win32
		{158F8802-53CE-461B-89F5-4829361D018F}.Release|x64.ActiveCfg = Release|x64
		{158F8802-53CE-461B-89F5-4829361D018F}.Release|x64.Build.0 = Release|x64
		{158F8802-53CE-461B-89F5-4829361D018F}.Release|x86.ActiveCfg = Release|Win32
		{158F8802-53CE-461B-89F5-4829361D018F}.Release|x86.Build.0 = Release|Win32
		{FBE0CFC2-C04B-4230-99EC-6AD42DD1CE1D}.Debug|x64.ActiveCfg = Debug|x64
		{FBE0CFC2-C04B-4230-99EC-6AD42DD1CE1D}.Debug|x64.Build.0 = Debug|x64
		{FBE0CFC2-C04B-4230-99EC-6AD42DD1CE1D}.Debug|x86.ActiveCfg = Debug|Win32
		{FBE0CFC2-C04B-4230-99EC-6AD42DD1CE1D}.Debug|x86.Build.0 = Debug|Win32
		{FBE0CFC2-C04B-4230-99EC-6AD42DD1CE1D}.Release|x64.ActiveCfg = Release|x64
		{FBE0CFC2-C04B-4230-99EC-6AD42DD1CE1D}.Release|x64.Build.0 = Release|x64
		{FBE0CFC2-C04B-4230-99EC-6AD42DD1CE1D}.Release|x86.ActiveCfg = Release|Win32
		{FBE0CFC2-C04B-4230-99EC-6AD42DD1CE1D}.Release|x86.Build.0 = Release|Win32
		{DAAFF39D-F494-47AE-BBB0-FAC4B37C911A}.Debug|x64.ActiveCfg = Debug|x64
		{DAAFF39D-F494-47AE-BBB0-FAC4B37C911A}.Debug|x64.Build.0 = Debug|x64
		{DAAFF39D-F494-47AE-BBB0-FAC4B37C911A}.Debug|x86.ActiveCfg = Debug|Win32
		{DAAFF39D-F494-47AE-BBB0-FAC4B37C911A}.Debug|x86.Build.0 = Debug|Win32
		{DAAFF39D-F494-47AE-BBB0-FAC4B37C911A}.Release|x64.ActiveCfg = Release|x64
		{DAAFF39D-F494-47AE-BBB0-FAC4B37C911A}.Release|x64.Build.0 = Release|x64
		{DAAFF39D-F494-47AE-BBB0-FAC4B37C911A}.Release|x86.ActiveCfg = Release|Win32
		{DAAFF39D-F494-47AE-BBB0-FAC4B37C911A}.Release|x86.Build.0 = Release|Win32
		{EF54A089-F426-4066-9B38-0E224EE3D9BD}.Debug|x64.ActiveCfg = Debug|x64
		{EF54A089-F426-4066-9B38-0E224EE3D9BD}.Debug|x64.Build.0 = Debug|x64
		{EF54A089-F426-4066-9B38-0E224EE3D9BD}.Debug|x86.ActiveCfg = Debug|Win32
		{EF54A089-F426-4066-9B38-0E224EE3D9BD}.Debug|x86.Build.0 = Debug|Win32
		{EF54A089-F426-4066-9B38-0E224EE3D9BD}.Release|x64.ActiveCfg = Release|x64
		{EF54A089-F426-4066-9B38-0E224EE3D9BD}.Release|x64.Build.0 = Release|x64
		{EF54A089-F426-4066-9B38-0E224EE3D9BD}.Release|x86.ActiveCfg = Release|Win32
		{EF54A089-F426-4066-9B38-0E224EE3D9BD}.Release|x86.Build.0 = Release|Win32
		{B6DD92AE-277A-4544-9157-7439D9E45662}.Debug|x64.ActiveCfg = Debug|x64
		{B6DD92AE-277A-4544-9157-7439D9E45662}.Debug|x64.Build.0 = Debug|x64
		{B6DD92AE-277A-4544-9157-7439D9E45662}.Debug|x86.ActiveCfg = Debug|Win32
		{B6DD92AE-277A-4544-9157-7439D9E45662}.Debug|x86.Build.0 = Debug|Win32
		{B6DD92AE-277A-4544-9157-7439D9E45662}.Release|x64.ActiveCfg = Release|x64
		{B6DD92AE-277A-4544-9157-7439D9E45662}.Release|x64.Build.0 = Release|x64
		{B6DD92AE-277A-4544-9157-7439D9E45662}.Release|x86.ActiveCfg = Release|Win32
		{B6DD92AE-277A-4544-9157-7439D9E45662}.Release|x86.Build.0 = Release|Win32
		{FF6A762A-FE7B-4395-BAA1-C064DEE09772}.Debug|x64.ActiveCfg = Debug|x64
		{FF6A762A-FE7B-4395-BAA1-C064DEE09772}.Debug|x64.Build.0 = Debug|x64
		{FF6A762A-FE7B-4395-BAA1-C064DEE09772}.Debug|x86.ActiveCfg = Debug|Win32
		{FF6A762A-FE7B-4395-BAA1-C064DEE09772}.Debug|x86.Build.0 = Debug|Win32
		{FF6A762A-FE7B-4395-BAA1-C064DEE09772}.Release|x64.ActiveCfg = Release|x64
		{FF6A762A-FE7B-4395-BAA1-C064DEE09772}.Release|x64.Build.0 = Release|x64
		{FF6A762A-FE7B-4395-BAA1-C064DEE09772}.Release|x86.ActiveCfg = Release|Win32
		{FF6A762A-FE7B-4395-BAA1-C064DEE09772}.Release|x86.Build.0 = Release|Win32
		{27D2C141-206C-4904-9D4A-7AEE4AB64C79}.Debug|x64.ActiveCfg = Debug|x64
		{27D2C141-206C-4904-9D4A-7AEE4AB64C79}.Debug|x64.Build.0 = Debug|x64
		{27D2C141-206C-4904-9D4A-7AEE4AB64C79}.Debug|x86.ActiveCfg = Debug|Win32
		{27D2C141-206C-4904-9D4A-7AEE4AB64C79}.Debug|x86.Build.0 = Debug|Win32
		{27D2C141-206C-4904-9D4A-7AEE4AB64C79}.Release|x64.ActiveCfg = Release|x64
		{27D2C141-206C-4904-9D4A-7AEE4AB64C79}.Release|x64.Build.0 = Release|x64
		{27D2C141-206C-4904-9D4A-7AEE4AB64C79}.Release|x86.ActiveCfg = Release|Win32
		{27D2C141-206C-4904-9D4A-7AEE4AB64C79}.Release|x86.Build.0 = Release|Win32
		{FE15A7AD-F3CE-4FE1-9A8F-0C73537E5550}.Debug|x64.ActiveCfg = Debug|x64
		{FE15A7AD-F3CE-4FE1-9A8F-0C73537E5550}.Debug|x64.Build.0 = Debug|x64
		{FE15A7AD-F3CE-4FE1-9A8F-0C73537E5550}.Debug|x86.ActiveCfg = Debug|Win32
		{FE15A7AD-F3CE-4FE1-9A8F-0C73537E5550}.Debug|x86.Build.0 = Debug|Win32
		{FE15A7AD-F3CE-4FE1-9A8F-0C73537E5550}.Release|x64.ActiveCfg = Release|x64
		{FE15A7AD-F3CE-4FE1-9A8F-0C73537E5550}.Release|x64.Build.0 = Release|x64
		{FE15A7AD-F3CE-4FE1-9A8F-0C73537E5550}.Release|x86.ActiveCfg = Release|Win32
		{FE15A7AD-F3CE-4FE1-9A8F-0C73537E5550}.Release|x86.Build.0 = Release|Win32
		{41ADBB00-3725-4A69-8FAB-FF29EDBE195B}.Debug|x64.ActiveCfg = Debug|x64
		{41ADBB00-3725-4A69-8FAB-FF29EDBE195B}.Debug|x64.Build.0 = Debug|x64
		{41ADBB00-3725-4A69-8FAB-FF29EDBE195B}.Debug|x86.ActiveCfg = Debug|Win32
		{41ADBB00-3725-4A69-8FAB-FF29EDBE195B}.Debug|x86.Build.0 = Debug|Win32
		{41ADBB00-3725-4A69-8FAB-FF29EDBE195B}.Release|x64.ActiveCfg = Release|x64
		{41ADBB00-3725-4A69-8FAB-FF29EDBE195B}.Release|x64.Build.0 = Release|x64
		{41ADBB00-3725-4A69-8FAB-FF29EDBE195B}.Release|x86.ActiveCfg = Release|Win32
		{41ADBB00-3725-4A69-8FAB-FF29EDBE195B}.Release|x86.Build.0 = Release|Win32
		{A85D00E9-3325-49FF-AF40-A63ABD3F95C8}.Debug|x64.ActiveCfg = Debug|x64
		{A85D00E9-3325-49FF-AF40-A63ABD3F95C8}.Debug|x64.Build.0 = Debug|x64
		{A85D00E9-3325-49FF-AF40-A63ABD3F95C8}.Debug|x86.ActiveCfg = Debug|Win32
		{A85D00E9-3325-49FF-AF40-A63ABD3F95C8}.Debug|x86.Build.0 = Debug|Win32
		{A85D00E9-3325-49FF-AF40-A63ABD3F95C8}.Release|x64.ActiveCfg = Release|x64
		{A85D00E9-3325-49FF-AF40-A63ABD3F95C8}.Release|x64.Build.0 = Release|x64
		{A85D00E9-3325-49FF-AF40-A63ABD3F95C8}.Release|x86.ActiveCfg = Release|Win32
		{A85D00E9-3325-49FF-AF40-A63ABD3F95C8}.Release|x86.Build.0 = Release|Win32
		{B85E380B-F417-4063-B65A-099C21B4F232}.Debug|x64.ActiveCfg = Debug|x64
		{B85E380B-F417-4063-B65A-099C21B4F232}.Debug|x64.Build.0 = Debug|x64
		{B85E380B-F417-4063-B65A-099C21B4F232}.Debug|x86.ActiveCfg = Debug|Win32
		{B85E380B-F417-4063-B65A-099C21B4F232}.Debug|x86.Build.0 = Debug|Win32
		{B85E380B-F417-4063-B65A-099C21B4F232}.Release|x64.ActiveCfg = Release|x64
		{B85E380B-F417-4063-B65A-099C21B4F232}.Release|x64.Build.0 = Release|x64
		{B85E380B-F417-4063-B65A-099C21B4F232}.Release|x86.ActiveCfg = Release|Win32
		{B85E380B-F417-4063-B65A-099C21B4F232}.Release|x86.Build.0 = Release|Win32
		{3017BAEB-F9E1-4525-A901-DC4D39F75A6E}.Debug|x64.ActiveCfg = Debug|x64
		{3017BAEB-F9E1-4525-A901-DC4D39F75A6E}.Debug|x64.Build.0 = Debug|x64
		{3017BAEB-F9E1-4525-A901-DC4D39F75A6E}.Debug|x86.ActiveCfg = Debug|Win32
		{3017BAEB-F9E1-4525-A901-DC4D39F75A6E}.Debug|x86.Build.0 = Debug|Win32
		{3017BAEB-F9E1-4525-A901-DC4D39F75A6E}.Release|x64.ActiveCfg = Release|x64
		{3017BAEB-F9E1-4525-A901-DC4D39F75A6E}.Release|x64.Build.0 = Release|x64
		{3017BAEB-F9E1-4525-A901-DC4D39F75A6E}.Release|x86.ActiveCfg = Release|Win32
		{3017BAEB-F9E1-4525-A901-DC4D39F75A6E}.Release|x86.Build.0 = Release|Win32
		{E9112E71-6499-4EF6-82CE-9FF50488D192}.Debug|x64.ActiveCfg = Debug|x64
		{E9112E71-6499-4EF6-82CE-9FF50488D192}.Debug|x64.Build.0 = Debug|x64
		{E9112E71-6499-4EF6-82CE-9FF50488D192}.Debug|x86.ActiveCfg = Debug|Win32
		{E9112E71-6499-4EF6-82CE-9FF50488D192}.Debug|x86.Build.0 = Debug|Win32
		{E9112E71-6499-4EF6-82CE-9FF50488D192}.Release|x64.ActiveCfg = Release|x64
		{E9112E71-6499-4EF6-82CE-9FF50488D192}.Release|x64.Build.0 = Release|x64
		{E9112E71-6499-4EF6-82CE-9FF50488D192}.Release|x86.ActiveCfg = Release|Win32
		{E9112E71-6499-4EF6-82CE-9FF50488D192}.Release|x86.Build.0 = Release|Win32
		{8F0FD9F1-99CB-4A49-93ED-074FF0F22F22}.Debug|x64.ActiveCfg = Debug|x64
		{8F0FD9F1-99CB-4A49-93ED-074FF0F22F22}.Debug|x64.Build.0 = Debug|x64
		{8F0FD9F1-99CB-4A49-93ED-074FF0F22F22}.Debug|x86.ActiveCfg = Debug|Win32
		{8F0FD9F1-99CB-4A49-93ED-074FF0F22F22}.Debug|x86.Build.0 = Debug|Win32
		{8F0FD9F1-99CB-4A49-93ED-074FF0F22F22}.Release|x64.ActiveCfg = Release|x64
		{8F0FD9F1-99CB-4A49-93ED-074FF0F22F22}.Release|x64.Build.0 = Release|x64
		{8F0FD9F1-99CB-4A49-93ED-074FF0F22F22}.Release|x86.ActiveCfg = Release|Win32
		{8F0FD9F1-99CB-4A49-93ED-074FF0F22F22}.Release|x86.Build.0 = Release|Win32
	EndGlobalSection
	GlobalSection(SolutionProperties) = preSolution
		HideSolutionNode = FALSE
	EndGlobalSection
EndGlobal
